
Microsoft Visual Studio Solution File, Format Version 12.00
# Visual Studio Version 16
VisualStudioVersion = 16.0.31424.327
MinimumVisualStudioVersion = 10.0.40219.1
Project("{FAE04EC0-301F-11D3-BF4B-00C04F79EFBC}") = "Domain", "src\Domain\Domain.csproj", "{3213DF36-04E0-46A2-96C2-59DE631BE3DE}"
EndProject
Project("{FAE04EC0-301F-11D3-BF4B-00C04F79EFBC}") = "Tests", "tests\Tests\Tests.csproj", "{7081FE62-7D16-414F-B1DA-656BA7F53A3B}"
EndProject
Global
	GlobalSection(SolutionConfigurationPlatforms) = preSolution
		Debug|Any CPU = Debug|Any CPU
		Release|Any CPU = Release|Any CPU
	EndGlobalSection
	GlobalSection(ProjectConfigurationPlatforms) = postSolution
		{3213DF36-04E0-46A2-96C2-59DE631BE3DE}.Debug|Any CPU.ActiveCfg = Debug|Any CPU
		{3213DF36-04E0-46A2-96C2-59DE631BE3DE}.Debug|Any CPU.Build.0 = Debug|Any CPU
		{3213DF36-04E0-46A2-96C2-59DE631BE3DE}.Release|Any CPU.ActiveCfg = Release|Any CPU
		{3213DF36-04E0-46A2-96C2-59DE631BE3DE}.Release|Any CPU.Build.0 = Release|Any CPU
		{7081FE62-7D16-414F-B1DA-656BA7F53A3B}.Debug|Any CPU.ActiveCfg = Debug|Any CPU
		{7081FE62-7D16-414F-B1DA-656BA7F53A3B}.Debug|Any CPU.Build.0 = Debug|Any CPU
		{7081FE62-7D16-414F-B1DA-656BA7F53A3B}.Release|Any CPU.ActiveCfg = Release|Any CPU
		{7081FE62-7D16-414F-B1DA-656BA7F53A3B}.Release|Any CPU.Build.0 = Release|Any CPU
	EndGlobalSection
	GlobalSection(SolutionProperties) = preSolution
		HideSolutionNode = FALSE
	EndGlobalSection
	GlobalSection(ExtensibilityGlobals) = postSolution
		SolutionGuid = {170FC407-5458-4792-B06E-C7D4B7954588}
	EndGlobalSection
EndGlobal
